
Microsoft Visual Studio Solution File, Format Version 11.00
# Visual Studio 2010
Project("{FAE04EC0-301F-11D3-BF4B-00C04F79EFBC}") = "Itim.TRS.FixInstaller", "Itim.TRS.FixInstaller\Itim.TRS.FixInstaller.csproj", "{98A04ED2-CE01-41F1-940F-CFBE841BA3EB}"
EndProject
Project("{FAE04EC0-301F-11D3-BF4B-00C04F79EFBC}") = "Itim.TRS.FixInstaller.Service", "Itim.TRS.FixInstaller.Service\Itim.TRS.FixInstaller.Service.csproj", "{E9879526-DF9D-4DB2-8441-0B4F3D4C74A5}"
EndProject
Project("{FAE04EC0-301F-11D3-BF4B-00C04F79EFBC}") = "Itim.TRS.InstallerLib", "Itim.TRS.InstallerLib\Itim.TRS.InstallerLib.csproj", "{5884E69B-CFB9-4B83-BED9-2E3FBE4F8652}"
EndProject
Global
	GlobalSection(SolutionConfigurationPlatforms) = preSolution
		Debug|Any CPU = Debug|Any CPU
		Debug|Mixed Platforms = Debug|Mixed Platforms
		Debug|x86 = Debug|x86
		Release|Any CPU = Release|Any CPU
		Release|Mixed Platforms = Release|Mixed Platforms
		Release|x86 = Release|x86
	EndGlobalSection
	GlobalSection(ProjectConfigurationPlatforms) = postSolution
		{98A04ED2-CE01-41F1-940F-CFBE841BA3EB}.Debug|Any CPU.ActiveCfg = Debug|x86
		{98A04ED2-CE01-41F1-940F-CFBE841BA3EB}.Debug|Mixed Platforms.ActiveCfg = Debug|x86
		{98A04ED2-CE01-41F1-940F-CFBE841BA3EB}.Debug|Mixed Platforms.Build.0 = Debug|x86
		{98A04ED2-CE01-41F1-940F-CFBE841BA3EB}.Debug|x86.ActiveCfg = Debug|x86
		{98A04ED2-CE01-41F1-940F-CFBE841BA3EB}.Debug|x86.Build.0 = Debug|x86
		{98A04ED2-CE01-41F1-940F-CFBE841BA3EB}.Release|Any CPU.ActiveCfg = Release|x86
		{98A04ED2-CE01-41F1-940F-CFBE841BA3EB}.Release|Mixed Platforms.ActiveCfg = Release|x86
		{98A04ED2-CE01-41F1-940F-CFBE841BA3EB}.Release|Mixed Platforms.Build.0 = Release|x86
		{98A04ED2-CE01-41F1-940F-CFBE841BA3EB}.Release|x86.ActiveCfg = Release|x86
		{98A04ED2-CE01-41F1-940F-CFBE841BA3EB}.Release|x86.Build.0 = Release|x86
		{E9879526-DF9D-4DB2-8441-0B4F3D4C74A5}.Debug|Any CPU.ActiveCfg = Debug|x86
		{E9879526-DF9D-4DB2-8441-0B4F3D4C74A5}.Debug|Mixed Platforms.ActiveCfg = Debug|x86
		{E9879526-DF9D-4DB2-8441-0B4F3D4C74A5}.Debug|Mixed Platforms.Build.0 = Debug|x86
		{E9879526-DF9D-4DB2-8441-0B4F3D4C74A5}.Debug|x86.ActiveCfg = Debug|x86
		{E9879526-DF9D-4DB2-8441-0B4F3D4C74A5}.Debug|x86.Build.0 = Debug|x86
		{E9879526-DF9D-4DB2-8441-0B4F3D4C74A5}.Release|Any CPU.ActiveCfg = Release|x86
		{E9879526-DF9D-4DB2-8441-0B4F3D4C74A5}.Release|Mixed Platforms.ActiveCfg = Release|x86
		{E9879526-DF9D-4DB2-8441-0B4F3D4C74A5}.Release|Mixed Platforms.Build.0 = Release|x86
		{E9879526-DF9D-4DB2-8441-0B4F3D4C74A5}.Release|x86.ActiveCfg = Release|x86
		{E9879526-DF9D-4DB2-8441-0B4F3D4C74A5}.Release|x86.Build.0 = Release|x86
		{5884E69B-CFB9-4B83-BED9-2E3FBE4F8652}.Debug|Any CPU.ActiveCfg = Debug|Any CPU
		{5884E69B-CFB9-4B83-BED9-2E3FBE4F8652}.Debug|Any CPU.Build.0 = Debug|Any CPU
		{5884E69B-CFB9-4B83-BED9-2E3FBE4F8652}.Debug|Mixed Platforms.ActiveCfg = Debug|Any CPU
		{5884E69B-CFB9-4B83-BED9-2E3FBE4F8652}.Debug|Mixed Platforms.Build.0 = Debug|Any CPU
		{5884E69B-CFB9-4B83-BED9-2E3FBE4F8652}.Debug|x86.ActiveCfg = Debug|Any CPU
		{5884E69B-CFB9-4B83-BED9-2E3FBE4F8652}.Release|Any CPU.ActiveCfg = Release|Any CPU
		{5884E69B-CFB9-4B83-BED9-2E3FBE4F8652}.Release|Any CPU.Build.0 = Release|Any CPU
		{5884E69B-CFB9-4B83-BED9-2E3FBE4F8652}.Release|Mixed Platforms.ActiveCfg = Release|Any CPU
		{5884E69B-CFB9-4B83-BED9-2E3FBE4F8652}.Release|Mixed Platforms.Build.0 = Release|Any CPU
		{5884E69B-CFB9-4B83-BED9-2E3FBE4F8652}.Release|x86.ActiveCfg = Release|Any CPU
	EndGlobalSection
	GlobalSection(SolutionProperties) = preSolution
		HideSolutionNode = FALSE
	EndGlobalSection
EndGlobal
